
Microsoft Visual Studio Solution File, Format Version 12.00
# Visual Studio Version 17
VisualStudioVersion = 17.7.34031.279
MinimumVisualStudioVersion = 10.0.40219.1
Project("{8BC9CEB8-8B4A-11D0-8D11-00A0C91BC942}") = "client", "client\client.vcxproj", "{0F5A3189-E360-4DF5-B77C-047952354D80}"
EndProject
Project("{8BC9CEB8-8B4A-11D0-8D11-00A0C91BC942}") = "engine", "engine\engine.vcxproj", "{379E838D-E6FF-4FE3-8A30-34B9065254C8}"
EndProject
Project("{8BC9CEB8-8B4A-11D0-8D11-00A0C91BC942}") = "UnitTest", "UnitTest\UnitTest.vcxproj", "{F16E0DAC-C214-4261-A76D-868170205B57}"
EndProject
Global
	GlobalSection(SolutionConfigurationPlatforms) = preSolution
		Debug|x64 = Debug|x64
		Release|x64 = Release|x64
	EndGlobalSection
	GlobalSection(ProjectConfigurationPlatforms) = postSolution
		{0F5A3189-E360-4DF5-B77C-047952354D80}.Debug|x64.ActiveCfg = Debug|x64
		{0F5A3189-E360-4DF5-B77C-047952354D80}.Debug|x64.Build.0 = Debug|x64
		{0F5A3189-E360-4DF5-B77C-047952354D80}.Release|x64.ActiveCfg = Release|x64
		{0F5A3189-E360-4DF5-B77C-047952354D80}.Release|x64.Build.0 = Release|x64
		{379E838D-E6FF-4FE3-8A30-34B9065254C8}.Debug|x64.ActiveCfg = Debug|x64
		{379E838D-E6FF-4FE3-8A30-34B9065254C8}.Debug|x64.Build.0 = Debug|x64
		{379E838D-E6FF-4FE3-8A30-34B9065254C8}.Release|x64.ActiveCfg = Release|x64
		{379E838D-E6FF-4FE3-8A30-34B9065254C8}.Release|x64.Build.0 = Release|x64
		{F16E0DAC-C214-4261-A76D-868170205B57}.Debug|x64.ActiveCfg = Debug|x64
		{F16E0DAC-C214-4261-A76D-868170205B57}.Debug|x64.Build.0 = Debug|x64
		{F16E0DAC-C214-4261-A76D-868170205B57}.Release|x64.ActiveCfg = Release|x64
		{F16E0DAC-C214-4261-A76D-868170205B57}.Release|x64.Build.0 = Release|x64
	EndGlobalSection
	GlobalSection(SolutionProperties) = preSolution
		HideSolutionNode = FALSE
	EndGlobalSection
	GlobalSection(ExtensibilityGlobals) = postSolution
		SolutionGuid = {D068F07B-5A36-4D01-83BE-C2C005B33DFF}
	EndGlobalSection
EndGlobal
